// !$*UTF8*$!
{
	archiveVersion = 1;
	classes = {
	};
	objectVersion = 51;
	objects = {

/* Begin PBXBuildFile section */
		07A59957209D4F5C16100EF6 /* Pods_mTest.framework in Frameworks */ = {isa = PBXBuildFile; fileRef = E59E7C2FB85C0D0F63B066CC /* Pods_mTest.framework */; };
		9A3630D7240B39B2003C9393 /* gConstants.swift in Sources */ = {isa = PBXBuildFile; fileRef = 9A3630D6240B39B2003C9393 /* gConstants.swift */; };
		9A3630DB240B39BA003C9393 /* SearchListVCell.swift in Sources */ = {isa = PBXBuildFile; fileRef = 9A3630D9240B39BA003C9393 /* SearchListVCell.swift */; };
		9A3630DC240B39BA003C9393 /* SearchRepoVC.swift in Sources */ = {isa = PBXBuildFile; fileRef = 9A3630DA240B39BA003C9393 /* SearchRepoVC.swift */; };
		9A3630DE240B39CC003C9393 /* UIScrollView+Extension.swift in Sources */ = {isa = PBXBuildFile; fileRef = 9A3630DD240B39CC003C9393 /* UIScrollView+Extension.swift */; };
		9A3630E3240B39DE003C9393 /* SearchRepoItem.swift in Sources */ = {isa = PBXBuildFile; fileRef = 9A3630E0240B39DE003C9393 /* SearchRepoItem.swift */; };
		9A3630E4240B39DE003C9393 /* SearchReposResponse.swift in Sources */ = {isa = PBXBuildFile; fileRef = 9A3630E1240B39DE003C9393 /* SearchReposResponse.swift */; };
		9A3630E5240B39DE003C9393 /* Owner.swift in Sources */ = {isa = PBXBuildFile; fileRef = 9A3630E2240B39DE003C9393 /* Owner.swift */; };
		9A3630E8240B39EA003C9393 /* Router.swift in Sources */ = {isa = PBXBuildFile; fileRef = 9A3630E6240B39EA003C9393 /* Router.swift */; };
		9A3630E9240B39EA003C9393 /* TargetType.swift in Sources */ = {isa = PBXBuildFile; fileRef = 9A3630E7240B39EA003C9393 /* TargetType.swift */; };
		9A3630ED240B39F4003C9393 /* GitHubService.swift in Sources */ = {isa = PBXBuildFile; fileRef = 9A3630EA240B39F4003C9393 /* GitHubService.swift */; };
		9A3630EE240B39F4003C9393 /* GitHubServiceType.swift in Sources */ = {isa = PBXBuildFile; fileRef = 9A3630EB240B39F4003C9393 /* GitHubServiceType.swift */; };
		9A3630EF240B39F4003C9393 /* ServiceError.swift in Sources */ = {isa = PBXBuildFile; fileRef = 9A3630EC240B39F4003C9393 /* ServiceError.swift */; };
		9A3630F4240B3A09003C9393 /* Toast.swift in Sources */ = {isa = PBXBuildFile; fileRef = 9A3630F1240B3A09003C9393 /* Toast.swift */; };
		9A3630F5240B3A09003C9393 /* Rx+UIViewController.swift in Sources */ = {isa = PBXBuildFile; fileRef = 9A3630F2240B3A09003C9393 /* Rx+UIViewController.swift */; };
		9A3630F6240B3A09003C9393 /* Rx+Alamofire.swift in Sources */ = {isa = PBXBuildFile; fileRef = 9A3630F3240B3A09003C9393 /* Rx+Alamofire.swift */; };
		9AC285AA240B2EA900946BAF /* AppDelegate.swift in Sources */ = {isa = PBXBuildFile; fileRef = 9AC285A9240B2EA900946BAF /* AppDelegate.swift */; };
		9AC285AF240B2EA900946BAF /* Main.storyboard in Resources */ = {isa = PBXBuildFile; fileRef = 9AC285AD240B2EA900946BAF /* Main.storyboard */; };
		9AC285B1240B2EAA00946BAF /* Assets.xcassets in Resources */ = {isa = PBXBuildFile; fileRef = 9AC285B0240B2EAA00946BAF /* Assets.xcassets */; };
		9AC285B4240B2EAA00946BAF /* LaunchScreen.storyboard in Resources */ = {isa = PBXBuildFile; fileRef = 9AC285B2240B2EAA00946BAF /* LaunchScreen.storyboard */; };
/* End PBXBuildFile section */

/* Begin PBXFileReference section */
		3B4380661E700B55F22F4630 /* Pods-mTest.release.xcconfig */ = {isa = PBXFileReference; includeInIndex = 1; lastKnownFileType = text.xcconfig; name = "Pods-mTest.release.xcconfig"; path = "Target Support Files/Pods-mTest/Pods-mTest.release.xcconfig"; sourceTree = "<group>"; };
		59E55172521F02C86C102BFB /* Pods-mTest.debug.xcconfig */ = {isa = PBXFileReference; includeInIndex = 1; lastKnownFileType = text.xcconfig; name = "Pods-mTest.debug.xcconfig"; path = "Target Support Files/Pods-mTest/Pods-mTest.debug.xcconfig"; sourceTree = "<group>"; };
		9A3630D6240B39B2003C9393 /* gConstants.swift */ = {isa = PBXFileReference; fileEncoding = 4; lastKnownFileType = sourcecode.swift; path = gConstants.swift; sourceTree = "<group>"; };
		9A3630D9240B39BA003C9393 /* SearchListVCell.swift */ = {isa = PBXFileReference; fileEncoding = 4; lastKnownFileType = sourcecode.swift; path = SearchListVCell.swift; sourceTree = "<group>"; };
		9A3630DA240B39BA003C9393 /* SearchRepoVC.swift */ = {isa = PBXFileReference; fileEncoding = 4; lastKnownFileType = sourcecode.swift; path = SearchRepoVC.swift; sourceTree = "<group>"; };
		9A3630DD240B39CC003C9393 /* UIScrollView+Extension.swift */ = {isa = PBXFileReference; fileEncoding = 4; lastKnownFileType = sourcecode.swift; path = "UIScrollView+Extension.swift"; sourceTree = "<group>"; };
		9A3630E0240B39DE003C9393 /* SearchRepoItem.swift */ = {isa = PBXFileReference; fileEncoding = 4; lastKnownFileType = sourcecode.swift; path = SearchRepoItem.swift; sourceTree = "<group>"; };
		9A3630E1240B39DE003C9393 /* SearchReposResponse.swift */ = {isa = PBXFileReference; fileEncoding = 4; lastKnownFileType = sourcecode.swift; path = SearchReposResponse.swift; sourceTree = "<group>"; };
		9A3630E2240B39DE003C9393 /* Owner.swift */ = {isa = PBXFileReference; fileEncoding = 4; lastKnownFileType = sourcecode.swift; path = Owner.swift; sourceTree = "<group>"; };
		9A3630E6240B39EA003C9393 /* Router.swift */ = {isa = PBXFileReference; fileEncoding = 4; lastKnownFileType = sourcecode.swift; path = Router.swift; sourceTree = "<group>"; };
		9A3630E7240B39EA003C9393 /* TargetType.swift */ = {isa = PBXFileReference; fileEncoding = 4; lastKnownFileType = sourcecode.swift; path = TargetType.swift; sourceTree = "<group>"; };
		9A3630EA240B39F4003C9393 /* GitHubService.swift */ = {isa = PBXFileReference; fileEncoding = 4; lastKnownFileType = sourcecode.swift; path = GitHubService.swift; sourceTree = "<group>"; };
		9A3630EB240B39F4003C9393 /* GitHubServiceType.swift */ = {isa = PBXFileReference; fileEncoding = 4; lastKnownFileType = sourcecode.swift; path = GitHubServiceType.swift; sourceTree = "<group>"; };
		9A3630EC240B39F4003C9393 /* ServiceError.swift */ = {isa = PBXFileReference; fileEncoding = 4; lastKnownFileType = sourcecode.swift; path = ServiceError.swift; sourceTree = "<group>"; };
		9A3630F1240B3A09003C9393 /* Toast.swift */ = {isa = PBXFileReference; fileEncoding = 4; lastKnownFileType = sourcecode.swift; path = Toast.swift; sourceTree = "<group>"; };
		9A3630F2240B3A09003C9393 /* Rx+UIViewController.swift */ = {isa = PBXFileReference; fileEncoding = 4; lastKnownFileType = sourcecode.swift; path = "Rx+UIViewController.swift"; sourceTree = "<group>"; };
		9A3630F3240B3A09003C9393 /* Rx+Alamofire.swift */ = {isa = PBXFileReference; fileEncoding = 4; lastKnownFileType = sourcecode.swift; path = "Rx+Alamofire.swift"; sourceTree = "<group>"; };
		9AC285A6240B2EA900946BAF /* mTest.app */ = {isa = PBXFileReference; explicitFileType = wrapper.application; includeInIndex = 0; path = mTest.app; sourceTree = BUILT_PRODUCTS_DIR; };
		9AC285A9240B2EA900946BAF /* AppDelegate.swift */ = {isa = PBXFileReference; lastKnownFileType = sourcecode.swift; path = AppDelegate.swift; sourceTree = "<group>"; };
		9AC285AE240B2EA900946BAF /* Base */ = {isa = PBXFileReference; lastKnownFileType = file.storyboard; name = Base; path = Base.lproj/Main.storyboard; sourceTree = "<group>"; };
		9AC285B0240B2EAA00946BAF /* Assets.xcassets */ = {isa = PBXFileReference; lastKnownFileType = folder.assetcatalog; path = Assets.xcassets; sourceTree = "<group>"; };
		9AC285B3240B2EAA00946BAF /* Base */ = {isa = PBXFileReference; lastKnownFileType = file.storyboard; name = Base; path = Base.lproj/LaunchScreen.storyboard; sourceTree = "<group>"; };
		9AC285B5240B2EAA00946BAF /* Info.plist */ = {isa = PBXFileReference; lastKnownFileType = text.plist.xml; path = Info.plist; sourceTree = "<group>"; };
		E59E7C2FB85C0D0F63B066CC /* Pods_mTest.framework */ = {isa = PBXFileReference; explicitFileType = wrapper.framework; includeInIndex = 0; path = Pods_mTest.framework; sourceTree = BUILT_PRODUCTS_DIR; };
/* End PBXFileReference section */

/* Begin PBXFrameworksBuildPhase section */
		9AC285A3240B2EA900946BAF /* Frameworks */ = {
			isa = PBXFrameworksBuildPhase;
			buildActionMask = 2147483647;
			files = (
				07A59957209D4F5C16100EF6 /* Pods_mTest.framework in Frameworks */,
			);
			runOnlyForDeploymentPostprocessing = 0;
		};
/* End PBXFrameworksBuildPhase section */

/* Begin PBXGroup section */
		2182F8B4662BDB9F7F9849B8 /* Pods */ = {
			isa = PBXGroup;
			children = (
				59E55172521F02C86C102BFB /* Pods-mTest.debug.xcconfig */,
				3B4380661E700B55F22F4630 /* Pods-mTest.release.xcconfig */,
			);
			path = Pods;
			sourceTree = "<group>";
		};
		9A3630CC240B397B003C9393 /* Base */ = {
			isa = PBXGroup;
			children = (
				9A3630D6240B39B2003C9393 /* gConstants.swift */,
			);
			path = Base;
			sourceTree = "<group>";
		};
		9A3630CD240B397B003C9393 /* Extension */ = {
			isa = PBXGroup;
			children = (
				9A3630DD240B39CC003C9393 /* UIScrollView+Extension.swift */,
			);
			path = Extension;
			sourceTree = "<group>";
		};
		9A3630CE240B397B003C9393 /* Service */ = {
			isa = PBXGroup;
			children = (
				9A3630EA240B39F4003C9393 /* GitHubService.swift */,
				9A3630EB240B39F4003C9393 /* GitHubServiceType.swift */,
				9A3630EC240B39F4003C9393 /* ServiceError.swift */,
			);
			path = Service;
			sourceTree = "<group>";
		};
		9A3630CF240B397B003C9393 /* Router */ = {
			isa = PBXGroup;
			children = (
				9A3630E6240B39EA003C9393 /* Router.swift */,
				9A3630E7240B39EA003C9393 /* TargetType.swift */,
			);
			path = Router;
			sourceTree = "<group>";
		};
		9A3630D0240B397B003C9393 /* Contents */ = {
			isa = PBXGroup;
			children = (
				9A3630D8240B39BA003C9393 /* GithubSearchRepos */,
			);
			path = Contents;
			sourceTree = "<group>";
		};
		9A3630D2240B397B003C9393 /* Utility */ = {
			isa = PBXGroup;
			children = (
				9A3630F3240B3A09003C9393 /* Rx+Alamofire.swift */,
				9A3630F2240B3A09003C9393 /* Rx+UIViewController.swift */,
				9A3630F0240B3A09003C9393 /* Toast */,
			);
			path = Utility;
			sourceTree = "<group>";
		};
		9A3630D4240B397B003C9393 /* NetworkModel */ = {
			isa = PBXGroup;
			children = (
				9A3630DF240B39DE003C9393 /* Repository */,
			);
			path = NetworkModel;
			sourceTree = "<group>";
		};
		9A3630D8240B39BA003C9393 /* GithubSearchRepos */ = {
			isa = PBXGroup;
			children = (
				9A3630D9240B39BA003C9393 /* SearchListVCell.swift */,
				9A3630DA240B39BA003C9393 /* SearchRepoVC.swift */,
			);
			path = GithubSearchRepos;
			sourceTree = "<group>";
		};
		9A3630DF240B39DE003C9393 /* Repository */ = {
			isa = PBXGroup;
			children = (
				9A3630E0240B39DE003C9393 /* SearchRepoItem.swift */,
				9A3630E1240B39DE003C9393 /* SearchReposResponse.swift */,
				9A3630E2240B39DE003C9393 /* Owner.swift */,
			);
			path = Repository;
			sourceTree = "<group>";
		};
		9A3630F0240B3A09003C9393 /* Toast */ = {
			isa = PBXGroup;
			children = (
				9A3630F1240B3A09003C9393 /* Toast.swift */,
			);
			path = Toast;
			sourceTree = "<group>";
		};
		9AC2859D240B2EA900946BAF = {
			isa = PBXGroup;
			children = (
				9AC285A8240B2EA900946BAF /* mTest */,
				9AC285A7240B2EA900946BAF /* Products */,
				2182F8B4662BDB9F7F9849B8 /* Pods */,
				F8625F15E689F9851ABABF69 /* Frameworks */,
			);
			sourceTree = "<group>";
		};
		9AC285A7240B2EA900946BAF /* Products */ = {
			isa = PBXGroup;
			children = (
				9AC285A6240B2EA900946BAF /* mTest.app */,
			);
			name = Products;
			sourceTree = "<group>";
		};
		9AC285A8240B2EA900946BAF /* mTest */ = {
			isa = PBXGroup;
			children = (
				9A3630CC240B397B003C9393 /* Base */,
				9A3630D0240B397B003C9393 /* Contents */,
				9A3630CD240B397B003C9393 /* Extension */,
				9A3630D4240B397B003C9393 /* NetworkModel */,
				9A3630CF240B397B003C9393 /* Router */,
				9A3630CE240B397B003C9393 /* Service */,
				9A3630D2240B397B003C9393 /* Utility */,
				9AC285A9240B2EA900946BAF /* AppDelegate.swift */,
				9AC285AD240B2EA900946BAF /* Main.storyboard */,
				9AC285B0240B2EAA00946BAF /* Assets.xcassets */,
				9AC285B2240B2EAA00946BAF /* LaunchScreen.storyboard */,
				9AC285B5240B2EAA00946BAF /* Info.plist */,
			);
			path = mTest;
			sourceTree = "<group>";
		};
		F8625F15E689F9851ABABF69 /* Frameworks */ = {
			isa = PBXGroup;
			children = (
				E59E7C2FB85C0D0F63B066CC /* Pods_mTest.framework */,
			);
			name = Frameworks;
			sourceTree = "<group>";
		};
/* End PBXGroup section */

/* Begin PBXNativeTarget section */
		9AC285A5240B2EA900946BAF /* mTest */ = {
			isa = PBXNativeTarget;
			buildConfigurationList = 9AC285B8240B2EAA00946BAF /* Build configuration list for PBXNativeTarget "mTest" */;
			buildPhases = (
				02D7CAEFDD9402D341FC4F96 /* [CP] Check Pods Manifest.lock */,
				9AC285A2240B2EA900946BAF /* Sources */,
				9AC285A3240B2EA900946BAF /* Frameworks */,
				9AC285A4240B2EA900946BAF /* Resources */,
				51B21FAFE8D60F108A7072BE /* [CP] Embed Pods Frameworks */,
			);
			buildRules = (
			);
			dependencies = (
			);
			name = mTest;
			productName = mTest;
			productReference = 9AC285A6240B2EA900946BAF /* mTest.app */;
			productType = "com.apple.product-type.application";
		};
/* End PBXNativeTarget section */

/* Begin PBXProject section */
		9AC2859E240B2EA900946BAF /* Project object */ = {
			isa = PBXProject;
			attributes = {
				LastSwiftUpdateCheck = 1030;
				LastUpgradeCheck = 1030;
				ORGANIZATIONNAME = "양성훈";
				TargetAttributes = {
					9AC285A5240B2EA900946BAF = {
						CreatedOnToolsVersion = 10.3;
					};
				};
			};
			buildConfigurationList = 9AC285A1240B2EA900946BAF /* Build configuration list for PBXProject "mTest" */;
			compatibilityVersion = "Xcode 9.3";
			developmentRegion = en;
			hasScannedForEncodings = 0;
			knownRegions = (
				en,
				Base,
			);
			mainGroup = 9AC2859D240B2EA900946BAF;
			productRefGroup = 9AC285A7240B2EA900946BAF /* Products */;
			projectDirPath = "";
			projectRoot = "";
			targets = (
				9AC285A5240B2EA900946BAF /* mTest */,
			);
		};
/* End PBXProject section */

/* Begin PBXResourcesBuildPhase section */
		9AC285A4240B2EA900946BAF /* Resources */ = {
			isa = PBXResourcesBuildPhase;
			buildActionMask = 2147483647;
			files = (
				9AC285B4240B2EAA00946BAF /* LaunchScreen.storyboard in Resources */,
				9AC285B1240B2EAA00946BAF /* Assets.xcassets in Resources */,
				9AC285AF240B2EA900946BAF /* Main.storyboard in Resources */,
			);
			runOnlyForDeploymentPostprocessing = 0;
		};
/* End PBXResourcesBuildPhase section */

/* Begin PBXShellScriptBuildPhase section */
		02D7CAEFDD9402D341FC4F96 /* [CP] Check Pods Manifest.lock */ = {
			isa = PBXShellScriptBuildPhase;
			buildActionMask = 2147483647;
			files = (
			);
			inputFileListPaths = (
			);
			inputPaths = (
				"${PODS_PODFILE_DIR_PATH}/Podfile.lock",
				"${PODS_ROOT}/Manifest.lock",
			);
			name = "[CP] Check Pods Manifest.lock";
			outputFileListPaths = (
			);
			outputPaths = (
				"$(DERIVED_FILE_DIR)/Pods-mTest-checkManifestLockResult.txt",
			);
			runOnlyForDeploymentPostprocessing = 0;
			shellPath = /bin/sh;
			shellScript = "diff \"${PODS_PODFILE_DIR_PATH}/Podfile.lock\" \"${PODS_ROOT}/Manifest.lock\" > /dev/null\nif [ $? != 0 ] ; then\n    # print error to STDERR\n    echo \"error: The sandbox is not in sync with the Podfile.lock. Run 'pod install' or update your CocoaPods installation.\" >&2\n    exit 1\nfi\n# This output is used by Xcode 'outputs' to avoid re-running this script phase.\necho \"SUCCESS\" > \"${SCRIPT_OUTPUT_FILE_0}\"\n";
			showEnvVarsInLog = 0;
		};
		51B21FAFE8D60F108A7072BE /* [CP] Embed Pods Frameworks */ = {
			isa = PBXShellScriptBuildPhase;
			buildActionMask = 2147483647;
			files = (
			);
			inputFileListPaths = (
				"${PODS_ROOT}/Target Support Files/Pods-mTest/Pods-mTest-frameworks-${CONFIGURATION}-input-files.xcfilelist",
			);
			name = "[CP] Embed Pods Frameworks";
			outputFileListPaths = (
				"${PODS_ROOT}/Target Support Files/Pods-mTest/Pods-mTest-frameworks-${CONFIGURATION}-output-files.xcfilelist",
			);
			runOnlyForDeploymentPostprocessing = 0;
			shellPath = /bin/sh;
			shellScript = "\"${PODS_ROOT}/Target Support Files/Pods-mTest/Pods-mTest-frameworks.sh\"\n";
			showEnvVarsInLog = 0;
		};
/* End PBXShellScriptBuildPhase section */

/* Begin PBXSourcesBuildPhase section */
		9AC285A2240B2EA900946BAF /* Sources */ = {
			isa = PBXSourcesBuildPhase;
			buildActionMask = 2147483647;
			files = (
				9A3630DB240B39BA003C9393 /* SearchListVCell.swift in Sources */,
				9A3630E3240B39DE003C9393 /* SearchRepoItem.swift in Sources */,
				9A3630E8240B39EA003C9393 /* Router.swift in Sources */,
				9A3630E4240B39DE003C9393 /* SearchReposResponse.swift in Sources */,
				9A3630F6240B3A09003C9393 /* Rx+Alamofire.swift in Sources */,
				9A3630DE240B39CC003C9393 /* UIScrollView+Extension.swift in Sources */,
				9A3630E5240B39DE003C9393 /* Owner.swift in Sources */,
				9A3630F5240B3A09003C9393 /* Rx+UIViewController.swift in Sources */,
				9A3630F4240B3A09003C9393 /* Toast.swift in Sources */,
				9AC285AA240B2EA900946BAF /* AppDelegate.swift in Sources */,
				9A3630D7240B39B2003C9393 /* gConstants.swift in Sources */,
				9A3630EE240B39F4003C9393 /* GitHubServiceType.swift in Sources */,
				9A3630E9240B39EA003C9393 /* TargetType.swift in Sources */,
				9A3630ED240B39F4003C9393 /* GitHubService.swift in Sources */,
				9A3630EF240B39F4003C9393 /* ServiceError.swift in Sources */,
				9A3630DC240B39BA003C9393 /* SearchRepoVC.swift in Sources */,
			);
			runOnlyForDeploymentPostprocessing = 0;
		};
/* End PBXSourcesBuildPhase section */

/* Begin PBXVariantGroup section */
		9AC285AD240B2EA900946BAF /* Main.storyboard */ = {
			isa = PBXVariantGroup;
			children = (
				9AC285AE240B2EA900946BAF /* Base */,
			);
			name = Main.storyboard;
			sourceTree = "<group>";
		};
		9AC285B2240B2EAA00946BAF /* LaunchScreen.storyboard */ = {
			isa = PBXVariantGroup;
			children = (
				9AC285B3240B2EAA00946BAF /* Base */,
			);
			name = LaunchScreen.storyboard;
			sourceTree = "<group>";
		};
/* End PBXVariantGroup section */

/* Begin XCBuildConfiguration section */
		9AC285B6240B2EAA00946BAF /* Debug */ = {
			isa = XCBuildConfiguration;
			buildSettings = {
				ALWAYS_SEARCH_USER_PATHS = NO;
				CLANG_ANALYZER_NONNULL = YES;
				CLANG_ANALYZER_NUMBER_OBJECT_CONVERSION = YES_AGGRESSIVE;
				CLANG_CXX_LANGUAGE_STANDARD = "gnu++14";
				CLANG_CXX_LIBRARY = "libc++";
				CLANG_ENABLE_MODULES = YES;
				CLANG_ENABLE_OBJC_ARC = YES;
				CLANG_ENABLE_OBJC_WEAK = YES;
				CLANG_WARN_BLOCK_CAPTURE_AUTORELEASING = YES;
				CLANG_WARN_BOOL_CONVERSION = YES;
				CLANG_WARN_COMMA = YES;
				CLANG_WARN_CONSTANT_CONVERSION = YES;
				CLANG_WARN_DEPRECATED_OBJC_IMPLEMENTATIONS = YES;
				CLANG_WARN_DIRECT_OBJC_ISA_USAGE = YES_ERROR;
				CLANG_WARN_DOCUMENTATION_COMMENTS = YES;
				CLANG_WARN_EMPTY_BODY = YES;
				CLANG_WARN_ENUM_CONVERSION = YES;
				CLANG_WARN_INFINITE_RECURSION = YES;
				CLANG_WARN_INT_CONVERSION = YES;
				CLANG_WARN_NON_LITERAL_NULL_CONVERSION = YES;
				CLANG_WARN_OBJC_IMPLICIT_RETAIN_SELF = YES;
				CLANG_WARN_OBJC_LITERAL_CONVERSION = YES;
				CLANG_WARN_OBJC_ROOT_CLASS = YES_ERROR;
				CLANG_WARN_RANGE_LOOP_ANALYSIS = YES;
				CLANG_WARN_STRICT_PROTOTYPES = YES;
				CLANG_WARN_SUSPICIOUS_MOVE = YES;
				CLANG_WARN_UNGUARDED_AVAILABILITY = YES_AGGRESSIVE;
				CLANG_WARN_UNREACHABLE_CODE = YES;
				CLANG_WARN__DUPLICATE_METHOD_MATCH = YES;
				CODE_SIGN_IDENTITY = "iPhone Developer";
				COPY_PHASE_STRIP = NO;
				DEBUG_INFORMATION_FORMAT = dwarf;
				ENABLE_STRICT_OBJC_MSGSEND = YES;
				ENABLE_TESTABILITY = YES;
				GCC_C_LANGUAGE_STANDARD = gnu11;
				GCC_DYNAMIC_NO_PIC = NO;
				GCC_NO_COMMON_BLOCKS = YES;
				GCC_OPTIMIZATION_LEVEL = 0;
				GCC_PREPROCESSOR_DEFINITIONS = (
					"DEBUG=1",
					"$(inherited)",
				);
				GCC_WARN_64_TO_32_BIT_CONVERSION = YES;
				GCC_WARN_ABOUT_RETURN_TYPE = YES_ERROR;
				GCC_WARN_UNDECLARED_SELECTOR = YES;
				GCC_WARN_UNINITIALIZED_AUTOS = YES_AGGRESSIVE;
				GCC_WARN_UNUSED_FUNCTION = YES;
				GCC_WARN_UNUSED_VARIABLE = YES;
				IPHONEOS_DEPLOYMENT_TARGET = 12.4;
				MTL_ENABLE_DEBUG_INFO = INCLUDE_SOURCE;
				MTL_FAST_MATH = YES;
				ONLY_ACTIVE_ARCH = YES;
				SDKROOT = iphoneos;
				SWIFT_ACTIVE_COMPILATION_CONDITIONS = DEBUG;
				SWIFT_OPTIMIZATION_LEVEL = "-Onone";
			};
			name = Debug;
		};
		9AC285B7240B2EAA00946BAF /* Release */ = {
			isa = XCBuildConfiguration;
			buildSettings = {
				ALWAYS_SEARCH_USER_PATHS = NO;
				CLANG_ANALYZER_NONNULL = YES;
				CLANG_ANALYZER_NUMBER_OBJECT_CONVERSION = YES_AGGRESSIVE;
				CLANG_CXX_LANGUAGE_STANDARD = "gnu++14";
				CLANG_CXX_LIBRARY = "libc++";
				CLANG_ENABLE_MODULES = YES;
				CLANG_ENABLE_OBJC_ARC = YES;
				CLANG_ENABLE_OBJC_WEAK = YES;
				CLANG_WARN_BLOCK_CAPTURE_AUTORELEASING = YES;
				CLANG_WARN_BOOL_CONVERSION = YES;
				CLANG_WARN_COMMA = YES;
				CLANG_WARN_CONSTANT_CONVERSION = YES;
				CLANG_WARN_DEPRECATED_OBJC_IMPLEMENTATIONS = YES;
				CLANG_WARN_DIRECT_OBJC_ISA_USAGE = YES_ERROR;
				CLANG_WARN_DOCUMENTATION_COMMENTS = YES;
				CLANG_WARN_EMPTY_BODY = YES;
				CLANG_WARN_ENUM_CONVERSION = YES;
				CLANG_WARN_INFINITE_RECURSION = YES;
				CLANG_WARN_INT_CONVERSION = YES;
				CLANG_WARN_NON_LITERAL_NULL_CONVERSION = YES;
				CLANG_WARN_OBJC_IMPLICIT_RETAIN_SELF = YES;
				CLANG_WARN_OBJC_LITERAL_CONVERSION = YES;
				CLANG_WARN_OBJC_ROOT_CLASS = YES_ERROR;
				CLANG_WARN_RANGE_LOOP_ANALYSIS = YES;
				CLANG_WARN_STRICT_PROTOTYPES = YES;
				CLANG_WARN_SUSPICIOUS_MOVE = YES;
				CLANG_WARN_UNGUARDED_AVAILABILITY = YES_AGGRESSIVE;
				CLANG_WARN_UNREACHABLE_CODE = YES;
				CLANG_WARN__DUPLICATE_METHOD_MATCH = YES;
				CODE_SIGN_IDENTITY = "iPhone Developer";
				COPY_PHASE_STRIP = NO;
				DEBUG_INFORMATION_FORMAT = "dwarf-with-dsym";
				ENABLE_NS_ASSERTIONS = NO;
				ENABLE_STRICT_OBJC_MSGSEND = YES;
				GCC_C_LANGUAGE_STANDARD = gnu11;
				GCC_NO_COMMON_BLOCKS = YES;
				GCC_WARN_64_TO_32_BIT_CONVERSION = YES;
				GCC_WARN_ABOUT_RETURN_TYPE = YES_ERROR;
				GCC_WARN_UNDECLARED_SELECTOR = YES;
				GCC_WARN_UNINITIALIZED_AUTOS = YES_AGGRESSIVE;
				GCC_WARN_UNUSED_FUNCTION = YES;
				GCC_WARN_UNUSED_VARIABLE = YES;
				IPHONEOS_DEPLOYMENT_TARGET = 12.4;
				MTL_ENABLE_DEBUG_INFO = NO;
				MTL_FAST_MATH = YES;
				SDKROOT = iphoneos;
				SWIFT_COMPILATION_MODE = wholemodule;
				SWIFT_OPTIMIZATION_LEVEL = "-O";
				VALIDATE_PRODUCT = YES;
			};
			name = Release;
		};
		9AC285B9240B2EAA00946BAF /* Debug */ = {
			isa = XCBuildConfiguration;
			baseConfigurationReference = 59E55172521F02C86C102BFB /* Pods-mTest.debug.xcconfig */;
			buildSettings = {
				ASSETCATALOG_COMPILER_APPICON_NAME = AppIcon;
				CODE_SIGN_STYLE = Automatic;
				INFOPLIST_FILE = mTest/Info.plist;
				IPHONEOS_DEPLOYMENT_TARGET = 12.0;
				LD_RUNPATH_SEARCH_PATHS = (
					"$(inherited)",
					"@executable_path/Frameworks",
				);
				PRODUCT_BUNDLE_IDENTIFIER = com.mk.mTest;
				PRODUCT_NAME = "$(TARGET_NAME)";
				SWIFT_VERSION = 5.0;
				TARGETED_DEVICE_FAMILY = "1,2";
			};
			name = Debug;
		};
		9AC285BA240B2EAA00946BAF /* Release */ = {
			isa = XCBuildConfiguration;
			baseConfigurationReference = 3B4380661E700B55F22F4630 /* Pods-mTest.release.xcconfig */;
			buildSettings = {
				ASSETCATALOG_COMPILER_APPICON_NAME = AppIcon;
				CODE_SIGN_STYLE = Automatic;
				INFOPLIST_FILE = mTest/Info.plist;
				IPHONEOS_DEPLOYMENT_TARGET = 12.0;
				LD_RUNPATH_SEARCH_PATHS = (
					"$(inherited)",
					"@executable_path/Frameworks",
				);
				PRODUCT_BUNDLE_IDENTIFIER = com.mk.mTest;
				PRODUCT_NAME = "$(TARGET_NAME)";
				SWIFT_VERSION = 5.0;
				TARGETED_DEVICE_FAMILY = "1,2";
			};
			name = Release;
		};
/* End XCBuildConfiguration section */

/* Begin XCConfigurationList section */
		9AC285A1240B2EA900946BAF /* Build configuration list for PBXProject "mTest" */ = {
			isa = XCConfigurationList;
			buildConfigurations = (
				9AC285B6240B2EAA00946BAF /* Debug */,
				9AC285B7240B2EAA00946BAF /* Release */,
			);
			defaultConfigurationIsVisible = 0;
			defaultConfigurationName = Release;
		};
		9AC285B8240B2EAA00946BAF /* Build configuration list for PBXNativeTarget "mTest" */ = {
			isa = XCConfigurationList;
			buildConfigurations = (
				9AC285B9240B2EAA00946BAF /* Debug */,
				9AC285BA240B2EAA00946BAF /* Release */,
			);
			defaultConfigurationIsVisible = 0;
			defaultConfigurationName = Release;
		};
/* End XCConfigurationList section */
	};
	rootObject = 9AC2859E240B2EA900946BAF /* Project object */;
}
